
Microsoft Visual Studio Solution File, Format Version 12.00
# Visual Studio Version 16
VisualStudioVersion = 16.0.32002.261
MinimumVisualStudioVersion = 10.0.40219.1
Project("{FAE04EC0-301F-11D3-BF4B-00C04F79EFBC}") = "SayDos", "SayDos\SayDos.csproj", "{F665DBE8-FCE2-43E7-8CB9-581D222C2D50}"
EndProject
Global
	GlobalSection(SolutionConfigurationPlatforms) = preSolution
		Debug|Any CPU = Debug|Any CPU
		Release|Any CPU = Release|Any CPU
	EndGlobalSection
	GlobalSection(ProjectConfigurationPlatforms) = postSolution
		{F665DBE8-FCE2-43E7-8CB9-581D222C2D50}.Debug|Any CPU.ActiveCfg = Debug|Any CPU
		{F665DBE8-FCE2-43E7-8CB9-581D222C2D50}.Debug|Any CPU.Build.0 = Debug|Any CPU
		{F665DBE8-FCE2-43E7-8CB9-581D222C2D50}.Release|Any CPU.ActiveCfg = Release|Any CPU
		{F665DBE8-FCE2-43E7-8CB9-581D222C2D50}.Release|Any CPU.Build.0 = Release|Any CPU
	EndGlobalSection
	GlobalSection(SolutionProperties) = preSolution
		HideSolutionNode = FALSE
	EndGlobalSection
	GlobalSection(ExtensibilityGlobals) = postSolution
		SolutionGuid = {6BFEC358-C020-41A4-91BE-A8C36D35327C}
	EndGlobalSection
EndGlobal
